
Microsoft Visual Studio Solution File, Format Version 12.00
# Visual Studio Version 16
VisualStudioVersion = 16.0.31005.135
MinimumVisualStudioVersion = 10.0.40219.1
Project("{FAE04EC0-301F-11D3-BF4B-00C04F79EFBC}") = "ApiCowde", "ApiCowde\ApiCowde.csproj", "{66606FEC-52F2-4B76-916C-D3D1AE852515}"
EndProject
Global
	GlobalSection(SolutionConfigurationPlatforms) = preSolution
		Debug|Any CPU = Debug|Any CPU
		Release|Any CPU = Release|Any CPU
	EndGlobalSection
	GlobalSection(ProjectConfigurationPlatforms) = postSolution
		{66606FEC-52F2-4B76-916C-D3D1AE852515}.Debug|Any CPU.ActiveCfg = Debug|Any CPU
		{66606FEC-52F2-4B76-916C-D3D1AE852515}.Debug|Any CPU.Build.0 = Debug|Any CPU
		{66606FEC-52F2-4B76-916C-D3D1AE852515}.Release|Any CPU.ActiveCfg = Release|Any CPU
		{66606FEC-52F2-4B76-916C-D3D1AE852515}.Release|Any CPU.Build.0 = Release|Any CPU
	EndGlobalSection
	GlobalSection(SolutionProperties) = preSolution
		HideSolutionNode = FALSE
	EndGlobalSection
	GlobalSection(ExtensibilityGlobals) = postSolution
		SolutionGuid = {99516F00-D618-4AC4-A769-226979DCAAB9}
	EndGlobalSection
EndGlobal
