
Microsoft Visual Studio Solution File, Format Version 12.00
# Visual Studio Version 16
VisualStudioVersion = 16.0.31005.135
MinimumVisualStudioVersion = 10.0.40219.1
Project("{FAE04EC0-301F-11D3-BF4B-00C04F79EFBC}") = "mvc_cowde", "mvc_cowde\mvc_cowde.csproj", "{2932E962-7E92-478E-8C57-09F269422F61}"
EndProject
Global
	GlobalSection(SolutionConfigurationPlatforms) = preSolution
		Debug|Any CPU = Debug|Any CPU
		Release|Any CPU = Release|Any CPU
	EndGlobalSection
	GlobalSection(ProjectConfigurationPlatforms) = postSolution
		{2932E962-7E92-478E-8C57-09F269422F61}.Debug|Any CPU.ActiveCfg = Debug|Any CPU
		{2932E962-7E92-478E-8C57-09F269422F61}.Debug|Any CPU.Build.0 = Debug|Any CPU
		{2932E962-7E92-478E-8C57-09F269422F61}.Release|Any CPU.ActiveCfg = Release|Any CPU
		{2932E962-7E92-478E-8C57-09F269422F61}.Release|Any CPU.Build.0 = Release|Any CPU
	EndGlobalSection
	GlobalSection(SolutionProperties) = preSolution
		HideSolutionNode = FALSE
	EndGlobalSection
	GlobalSection(ExtensibilityGlobals) = postSolution
		SolutionGuid = {523088BD-C834-429F-B8D6-6993ADDE6DDD}
	EndGlobalSection
EndGlobal
